
Microsoft Visual Studio Solution File, Format Version 12.00
# Visual Studio 15
Project("{FAE04EC0-301F-11D3-BF4B-00C04F79EFBC}") = "Api.Framework", "Api.Framework\Api.Framework.csproj", "{7011D782-04F2-434A-9616-5E4070635A7A}"
EndProject
Global
	GlobalSection(SolutionConfigurationPlatforms) = preSolution
		Debug|Any CPU = Debug|Any CPU
		Release|Any CPU = Release|Any CPU
	EndGlobalSection
	GlobalSection(ProjectConfigurationPlatforms) = postSolution
		{7011D782-04F2-434A-9616-5E4070635A7A}.Debug|Any CPU.ActiveCfg = Debug|Any CPU
		{7011D782-04F2-434A-9616-5E4070635A7A}.Debug|Any CPU.Build.0 = Debug|Any CPU
		{7011D782-04F2-434A-9616-5E4070635A7A}.Release|Any CPU.ActiveCfg = Release|Any CPU
		{7011D782-04F2-434A-9616-5E4070635A7A}.Release|Any CPU.Build.0 = Release|Any CPU
	EndGlobalSection
EndGlobal
