
Microsoft Visual Studio Solution File, Format Version 12.00
# Visual Studio Version 17
VisualStudioVersion = 17.11.35327.3
MinimumVisualStudioVersion = 10.0.40219.1
Project("{9A19103F-16F7-4668-BE54-9A1E7A4F7556}") = "Rohan.Api.Framework", "Rohan.Api.Framework\Rohan.Api.Framework.csproj", "{136C230E-78D2-48AD-A4F1-F12C112483D2}"
EndProject
Project("{9A19103F-16F7-4668-BE54-9A1E7A4F7556}") = "Rohan.Api.Framework.Tests", "Rohan.Api.Framework.Tests\Rohan.Api.Framework.Tests.csproj", "{C2CB5430-C7D2-41B8-9A9F-0BE31CD6717F}"
EndProject
Global
	GlobalSection(SolutionConfigurationPlatforms) = preSolution
		Debug|Any CPU = Debug|Any CPU
		Release|Any CPU = Release|Any CPU
	EndGlobalSection
	GlobalSection(ProjectConfigurationPlatforms) = postSolution
		{136C230E-78D2-48AD-A4F1-F12C112483D2}.Debug|Any CPU.ActiveCfg = Debug|Any CPU
		{136C230E-78D2-48AD-A4F1-F12C112483D2}.Debug|Any CPU.Build.0 = Debug|Any CPU
		{136C230E-78D2-48AD-A4F1-F12C112483D2}.Release|Any CPU.ActiveCfg = Release|Any CPU
		{136C230E-78D2-48AD-A4F1-F12C112483D2}.Release|Any CPU.Build.0 = Release|Any CPU
		{C2CB5430-C7D2-41B8-9A9F-0BE31CD6717F}.Debug|Any CPU.ActiveCfg = Debug|Any CPU
		{C2CB5430-C7D2-41B8-9A9F-0BE31CD6717F}.Debug|Any CPU.Build.0 = Debug|Any CPU
		{C2CB5430-C7D2-41B8-9A9F-0BE31CD6717F}.Release|Any CPU.ActiveCfg = Release|Any CPU
		{C2CB5430-C7D2-41B8-9A9F-0BE31CD6717F}.Release|Any CPU.Build.0 = Release|Any CPU
	EndGlobalSection
	GlobalSection(SolutionProperties) = preSolution
		HideSolutionNode = FALSE
	EndGlobalSection
	GlobalSection(ExtensibilityGlobals) = postSolution
		SolutionGuid = {FA1344EC-A124-4BEA-90AD-C5F46E3F975F}
	EndGlobalSection
EndGlobal
